
Microsoft Visual Studio Solution File, Format Version 11.00
# Visual Studio 2010
Project("{FAE04EC0-301F-11D3-BF4B-00C04F79EFBC}") = "Unity.ML-Agents", "Unity.ML-Agents.csproj", "{34CDC019-F0F1-0A7B-5B19-77D919D995F7}"
EndProject
Project("{FAE04EC0-301F-11D3-BF4B-00C04F79EFBC}") = "Assembly-CSharp", "Assembly-CSharp.csproj", "{5B9FF267-005F-A3BF-219E-FEAE2D8C894F}"
EndProject
Project("{FAE04EC0-301F-11D3-BF4B-00C04F79EFBC}") = "Unity.ML-Agents.CommunicatorObjects", "Unity.ML-Agents.CommunicatorObjects.csproj", "{D21226E2-C52E-2C4A-86ED-BF74046DF399}"
EndProject
Project("{FAE04EC0-301F-11D3-BF4B-00C04F79EFBC}") = "Tests", "Tests.csproj", "{8D553F7D-BBF5-67FA-6DB3-0D92FD001936}"
EndProject
Project("{FAE04EC0-301F-11D3-BF4B-00C04F79EFBC}") = "Unity.ML-Agents.Editor.Tests", "Unity.ML-Agents.Editor.Tests.csproj", "{5CB95DE0-0798-855F-864F-4C104548B1DF}"
EndProject
Project("{FAE04EC0-301F-11D3-BF4B-00C04F79EFBC}") = "Unity.ML-Agents.Editor", "Unity.ML-Agents.Editor.csproj", "{2914FE66-5FEF-539E-1631-EA68635BA4AB}"
EndProject
Project("{FAE04EC0-301F-11D3-BF4B-00C04F79EFBC}") = "Assembly-CSharp-Editor", "Assembly-CSharp-Editor.csproj", "{6CDB4719-1D28-38FF-BF92-A07FF7EAE25F}"
EndProject
Project("{FAE04EC0-301F-11D3-BF4B-00C04F79EFBC}") = "Unity.ML-Agents.Editor.Tests.PublicAPI", "Unity.ML-Agents.Editor.Tests.PublicAPI.csproj", "{89292853-02D5-D172-0665-59BADB89D701}"
EndProject
Global
	GlobalSection(SolutionConfigurationPlatforms) = preSolution
		Debug|Any CPU = Debug|Any CPU
		Release|Any CPU = Release|Any CPU
	EndGlobalSection
	GlobalSection(ProjectConfigurationPlatforms) = postSolution
		{34CDC019-F0F1-0A7B-5B19-77D919D995F7}.Debug|Any CPU.ActiveCfg = Debug|Any CPU
		{34CDC019-F0F1-0A7B-5B19-77D919D995F7}.Debug|Any CPU.Build.0 = Debug|Any CPU
		{34CDC019-F0F1-0A7B-5B19-77D919D995F7}.Release|Any CPU.ActiveCfg = Release|Any CPU
		{34CDC019-F0F1-0A7B-5B19-77D919D995F7}.Release|Any CPU.Build.0 = Release|Any CPU
		{5B9FF267-005F-A3BF-219E-FEAE2D8C894F}.Debug|Any CPU.ActiveCfg = Debug|Any CPU
		{5B9FF267-005F-A3BF-219E-FEAE2D8C894F}.Debug|Any CPU.Build.0 = Debug|Any CPU
		{5B9FF267-005F-A3BF-219E-FEAE2D8C894F}.Release|Any CPU.ActiveCfg = Release|Any CPU
		{5B9FF267-005F-A3BF-219E-FEAE2D8C894F}.Release|Any CPU.Build.0 = Release|Any CPU
		{D21226E2-C52E-2C4A-86ED-BF74046DF399}.Debug|Any CPU.ActiveCfg = Debug|Any CPU
		{D21226E2-C52E-2C4A-86ED-BF74046DF399}.Debug|Any CPU.Build.0 = Debug|Any CPU
		{D21226E2-C52E-2C4A-86ED-BF74046DF399}.Release|Any CPU.ActiveCfg = Release|Any CPU
		{D21226E2-C52E-2C4A-86ED-BF74046DF399}.Release|Any CPU.Build.0 = Release|Any CPU
		{8D553F7D-BBF5-67FA-6DB3-0D92FD001936}.Debug|Any CPU.ActiveCfg = Debug|Any CPU
		{8D553F7D-BBF5-67FA-6DB3-0D92FD001936}.Debug|Any CPU.Build.0 = Debug|Any CPU
		{8D553F7D-BBF5-67FA-6DB3-0D92FD001936}.Release|Any CPU.ActiveCfg = Release|Any CPU
		{8D553F7D-BBF5-67FA-6DB3-0D92FD001936}.Release|Any CPU.Build.0 = Release|Any CPU
		{5CB95DE0-0798-855F-864F-4C104548B1DF}.Debug|Any CPU.ActiveCfg = Debug|Any CPU
		{5CB95DE0-0798-855F-864F-4C104548B1DF}.Debug|Any CPU.Build.0 = Debug|Any CPU
		{5CB95DE0-0798-855F-864F-4C104548B1DF}.Release|Any CPU.ActiveCfg = Release|Any CPU
		{5CB95DE0-0798-855F-864F-4C104548B1DF}.Release|Any CPU.Build.0 = Release|Any CPU
		{2914FE66-5FEF-539E-1631-EA68635BA4AB}.Debug|Any CPU.ActiveCfg = Debug|Any CPU
		{2914FE66-5FEF-539E-1631-EA68635BA4AB}.Debug|Any CPU.Build.0 = Debug|Any CPU
		{2914FE66-5FEF-539E-1631-EA68635BA4AB}.Release|Any CPU.ActiveCfg = Release|Any CPU
		{2914FE66-5FEF-539E-1631-EA68635BA4AB}.Release|Any CPU.Build.0 = Release|Any CPU
		{6CDB4719-1D28-38FF-BF92-A07FF7EAE25F}.Debug|Any CPU.ActiveCfg = Debug|Any CPU
		{6CDB4719-1D28-38FF-BF92-A07FF7EAE25F}.Debug|Any CPU.Build.0 = Debug|Any CPU
		{6CDB4719-1D28-38FF-BF92-A07FF7EAE25F}.Release|Any CPU.ActiveCfg = Release|Any CPU
		{6CDB4719-1D28-38FF-BF92-A07FF7EAE25F}.Release|Any CPU.Build.0 = Release|Any CPU
		{89292853-02D5-D172-0665-59BADB89D701}.Debug|Any CPU.ActiveCfg = Debug|Any CPU
		{89292853-02D5-D172-0665-59BADB89D701}.Debug|Any CPU.Build.0 = Debug|Any CPU
		{89292853-02D5-D172-0665-59BADB89D701}.Release|Any CPU.ActiveCfg = Release|Any CPU
		{89292853-02D5-D172-0665-59BADB89D701}.Release|Any CPU.Build.0 = Release|Any CPU
	EndGlobalSection
	GlobalSection(SolutionProperties) = preSolution
		HideSolutionNode = FALSE
	EndGlobalSection
	GlobalSection(MonoDevelopProperties) = preSolution
		StartupItem = Assembly-CSharp.csproj
	EndGlobalSection
EndGlobal
